
Microsoft Visual Studio Solution File, Format Version 12.00
# Visual Studio Version 17
VisualStudioVersion = 17.0.31903.59
MinimumVisualStudioVersion = 10.0.40219.1
Project("{2150E333-8FDC-42A3-9474-1A3956D46DE8}") = "src", "src", "{827E0CD3-B72D-47B6-A68D-7590B98EB39B}"
EndProject
Project("{FAE04EC0-301F-11D3-BF4B-00C04F79EFBC}") = "nLogMonitor.Domain", "src\nLogMonitor.Domain\nLogMonitor.Domain.csproj", "{7FBE1B87-AE25-4954-80FA-72932F8FCFEA}"
EndProject
Project("{FAE04EC0-301F-11D3-BF4B-00C04F79EFBC}") = "nLogMonitor.Application", "src\nLogMonitor.Application\nLogMonitor.Application.csproj", "{C4813040-7494-4837-9ECF-E54D55B4C671}"
EndProject
Project("{FAE04EC0-301F-11D3-BF4B-00C04F79EFBC}") = "nLogMonitor.Infrastructure", "src\nLogMonitor.Infrastructure\nLogMonitor.Infrastructure.csproj", "{72833A56-D97A-425D-8394-7391103A9DBD}"
EndProject
Project("{FAE04EC0-301F-11D3-BF4B-00C04F79EFBC}") = "nLogMonitor.Api", "src\nLogMonitor.Api\nLogMonitor.Api.csproj", "{3EA0F720-79D3-4D12-B14D-1319FCBEE294}"
EndProject
Project("{2150E333-8FDC-42A3-9474-1A3956D46DE8}") = "tests", "tests", "{0AB3BF05-4346-4AA6-1389-037BE0695223}"
EndProject
Project("{FAE04EC0-301F-11D3-BF4B-00C04F79EFBC}") = "nLogMonitor.Application.Tests", "tests\nLogMonitor.Application.Tests\nLogMonitor.Application.Tests.csproj", "{469D82F3-10A2-4C03-A27B-DD37401E369F}"
EndProject
Project("{FAE04EC0-301F-11D3-BF4B-00C04F79EFBC}") = "nLogMonitor.Api.Tests", "tests\nLogMonitor.Api.Tests\nLogMonitor.Api.Tests.csproj", "{3C6D480D-6C08-4A03-9A5D-9B489883E929}"
EndProject
Project("{FAE04EC0-301F-11D3-BF4B-00C04F79EFBC}") = "nLogMonitor.Desktop", "src\nLogMonitor.Desktop\nLogMonitor.Desktop.csproj", "{3CA1FECB-161F-4570-9824-FB82F48D821F}"
EndProject
Global
	GlobalSection(SolutionConfigurationPlatforms) = preSolution
		Debug|Any CPU = Debug|Any CPU
		Debug|x64 = Debug|x64
		Debug|x86 = Debug|x86
		Release|Any CPU = Release|Any CPU
		Release|x64 = Release|x64
		Release|x86 = Release|x86
	EndGlobalSection
	GlobalSection(ProjectConfigurationPlatforms) = postSolution
		{7FBE1B87-AE25-4954-80FA-72932F8FCFEA}.Debug|Any CPU.ActiveCfg = Debug|Any CPU
		{7FBE1B87-AE25-4954-80FA-72932F8FCFEA}.Debug|Any CPU.Build.0 = Debug|Any CPU
		{7FBE1B87-AE25-4954-80FA-72932F8FCFEA}.Debug|x64.ActiveCfg = Debug|Any CPU
		{7FBE1B87-AE25-4954-80FA-72932F8FCFEA}.Debug|x64.Build.0 = Debug|Any CPU
		{7FBE1B87-AE25-4954-80FA-72932F8FCFEA}.Debug|x86.ActiveCfg = Debug|Any CPU
		{7FBE1B87-AE25-4954-80FA-72932F8FCFEA}.Debug|x86.Build.0 = Debug|Any CPU
		{7FBE1B87-AE25-4954-80FA-72932F8FCFEA}.Release|Any CPU.ActiveCfg = Release|Any CPU
		{7FBE1B87-AE25-4954-80FA-72932F8FCFEA}.Release|Any CPU.Build.0 = Release|Any CPU
		{7FBE1B87-AE25-4954-80FA-72932F8FCFEA}.Release|x64.ActiveCfg = Release|Any CPU
		{7FBE1B87-AE25-4954-80FA-72932F8FCFEA}.Release|x64.Build.0 = Release|Any CPU
		{7FBE1B87-AE25-4954-80FA-72932F8FCFEA}.Release|x86.ActiveCfg = Release|Any CPU
		{7FBE1B87-AE25-4954-80FA-72932F8FCFEA}.Release|x86.Build.0 = Release|Any CPU
		{C4813040-7494-4837-9ECF-E54D55B4C671}.Debug|Any CPU.ActiveCfg = Debug|Any CPU
		{C4813040-7494-4837-9ECF-E54D55B4C671}.Debug|Any CPU.Build.0 = Debug|Any CPU
		{C4813040-7494-4837-9ECF-E54D55B4C671}.Debug|x64.ActiveCfg = Debug|Any CPU
		{C4813040-7494-4837-9ECF-E54D55B4C671}.Debug|x64.Build.0 = Debug|Any CPU
		{C4813040-7494-4837-9ECF-E54D55B4C671}.Debug|x86.ActiveCfg = Debug|Any CPU
		{C4813040-7494-4837-9ECF-E54D55B4C671}.Debug|x86.Build.0 = Debug|Any CPU
		{C4813040-7494-4837-9ECF-E54D55B4C671}.Release|Any CPU.ActiveCfg = Release|Any CPU
		{C4813040-7494-4837-9ECF-E54D55B4C671}.Release|Any CPU.Build.0 = Release|Any CPU
		{C4813040-7494-4837-9ECF-E54D55B4C671}.Release|x64.ActiveCfg = Release|Any CPU
		{C4813040-7494-4837-9ECF-E54D55B4C671}.Release|x64.Build.0 = Release|Any CPU
		{C4813040-7494-4837-9ECF-E54D55B4C671}.Release|x86.ActiveCfg = Release|Any CPU
		{C4813040-7494-4837-9ECF-E54D55B4C671}.Release|x86.Build.0 = Release|Any CPU
		{72833A56-D97A-425D-8394-7391103A9DBD}.Debug|Any CPU.ActiveCfg = Debug|Any CPU
		{72833A56-D97A-425D-8394-7391103A9DBD}.Debug|Any CPU.Build.0 = Debug|Any CPU
		{72833A56-D97A-425D-8394-7391103A9DBD}.Debug|x64.ActiveCfg = Debug|Any CPU
		{72833A56-D97A-425D-8394-7391103A9DBD}.Debug|x64.Build.0 = Debug|Any CPU
		{72833A56-D97A-425D-8394-7391103A9DBD}.Debug|x86.ActiveCfg = Debug|Any CPU
		{72833A56-D97A-425D-8394-7391103A9DBD}.Debug|x86.Build.0 = Debug|Any CPU
		{72833A56-D97A-425D-8394-7391103A9DBD}.Release|Any CPU.ActiveCfg = Release|Any CPU
		{72833A56-D97A-425D-8394-7391103A9DBD}.Release|Any CPU.Build.0 = Release|Any CPU
		{72833A56-D97A-425D-8394-7391103A9DBD}.Release|x64.ActiveCfg = Release|Any CPU
		{72833A56-D97A-425D-8394-7391103A9DBD}.Release|x64.Build.0 = Release|Any CPU
		{72833A56-D97A-425D-8394-7391103A9DBD}.Release|x86.ActiveCfg = Release|Any CPU
		{72833A56-D97A-425D-8394-7391103A9DBD}.Release|x86.Build.0 = Release|Any CPU
		{3EA0F720-79D3-4D12-B14D-1319FCBEE294}.Debug|Any CPU.ActiveCfg = Debug|Any CPU
		{3EA0F720-79D3-4D12-B14D-1319FCBEE294}.Debug|Any CPU.Build.0 = Debug|Any CPU
		{3EA0F720-79D3-4D12-B14D-1319FCBEE294}.Debug|x64.ActiveCfg = Debug|Any CPU
		{3EA0F720-79D3-4D12-B14D-1319FCBEE294}.Debug|x64.Build.0 = Debug|Any CPU
		{3EA0F720-79D3-4D12-B14D-1319FCBEE294}.Debug|x86.ActiveCfg = Debug|Any CPU
		{3EA0F720-79D3-4D12-B14D-1319FCBEE294}.Debug|x86.Build.0 = Debug|Any CPU
		{3EA0F720-79D3-4D12-B14D-1319FCBEE294}.Release|Any CPU.ActiveCfg = Release|Any CPU
		{3EA0F720-79D3-4D12-B14D-1319FCBEE294}.Release|Any CPU.Build.0 = Release|Any CPU
		{3EA0F720-79D3-4D12-B14D-1319FCBEE294}.Release|x64.ActiveCfg = Release|Any CPU
		{3EA0F720-79D3-4D12-B14D-1319FCBEE294}.Release|x64.Build.0 = Release|Any CPU
		{3EA0F720-79D3-4D12-B14D-1319FCBEE294}.Release|x86.ActiveCfg = Release|Any CPU
		{3EA0F720-79D3-4D12-B14D-1319FCBEE294}.Release|x86.Build.0 = Release|Any CPU
		{469D82F3-10A2-4C03-A27B-DD37401E369F}.Debug|Any CPU.ActiveCfg = Debug|Any CPU
		{469D82F3-10A2-4C03-A27B-DD37401E369F}.Debug|Any CPU.Build.0 = Debug|Any CPU
		{469D82F3-10A2-4C03-A27B-DD37401E369F}.Debug|x64.ActiveCfg = Debug|Any CPU
		{469D82F3-10A2-4C03-A27B-DD37401E369F}.Debug|x64.Build.0 = Debug|Any CPU
		{469D82F3-10A2-4C03-A27B-DD37401E369F}.Debug|x86.ActiveCfg = Debug|Any CPU
		{469D82F3-10A2-4C03-A27B-DD37401E369F}.Debug|x86.Build.0 = Debug|Any CPU
		{469D82F3-10A2-4C03-A27B-DD37401E369F}.Release|Any CPU.ActiveCfg = Release|Any CPU
		{469D82F3-10A2-4C03-A27B-DD37401E369F}.Release|Any CPU.Build.0 = Release|Any CPU
		{469D82F3-10A2-4C03-A27B-DD37401E369F}.Release|x64.ActiveCfg = Release|Any CPU
		{469D82F3-10A2-4C03-A27B-DD37401E369F}.Release|x64.Build.0 = Release|Any CPU
		{469D82F3-10A2-4C03-A27B-DD37401E369F}.Release|x86.ActiveCfg = Release|Any CPU
		{469D82F3-10A2-4C03-A27B-DD37401E369F}.Release|x86.Build.0 = Release|Any CPU
		{3C6D480D-6C08-4A03-9A5D-9B489883E929}.Debug|Any CPU.ActiveCfg = Debug|Any CPU
		{3C6D480D-6C08-4A03-9A5D-9B489883E929}.Debug|Any CPU.Build.0 = Debug|Any CPU
		{3C6D480D-6C08-4A03-9A5D-9B489883E929}.Debug|x64.ActiveCfg = Debug|Any CPU
		{3C6D480D-6C08-4A03-9A5D-9B489883E929}.Debug|x64.Build.0 = Debug|Any CPU
		{3C6D480D-6C08-4A03-9A5D-9B489883E929}.Debug|x86.ActiveCfg = Debug|Any CPU
		{3C6D480D-6C08-4A03-9A5D-9B489883E929}.Debug|x86.Build.0 = Debug|Any CPU
		{3C6D480D-6C08-4A03-9A5D-9B489883E929}.Release|Any CPU.ActiveCfg = Release|Any CPU
		{3C6D480D-6C08-4A03-9A5D-9B489883E929}.Release|Any CPU.Build.0 = Release|Any CPU
		{3C6D480D-6C08-4A03-9A5D-9B489883E929}.Release|x64.ActiveCfg = Release|Any CPU
		{3C6D480D-6C08-4A03-9A5D-9B489883E929}.Release|x64.Build.0 = Release|Any CPU
		{3C6D480D-6C08-4A03-9A5D-9B489883E929}.Release|x86.ActiveCfg = Release|Any CPU
		{3C6D480D-6C08-4A03-9A5D-9B489883E929}.Release|x86.Build.0 = Release|Any CPU
		{3CA1FECB-161F-4570-9824-FB82F48D821F}.Debug|Any CPU.ActiveCfg = Debug|Any CPU
		{3CA1FECB-161F-4570-9824-FB82F48D821F}.Debug|Any CPU.Build.0 = Debug|Any CPU
		{3CA1FECB-161F-4570-9824-FB82F48D821F}.Debug|x64.ActiveCfg = Debug|Any CPU
		{3CA1FECB-161F-4570-9824-FB82F48D821F}.Debug|x64.Build.0 = Debug|Any CPU
		{3CA1FECB-161F-4570-9824-FB82F48D821F}.Debug|x86.ActiveCfg = Debug|Any CPU
		{3CA1FECB-161F-4570-9824-FB82F48D821F}.Debug|x86.Build.0 = Debug|Any CPU
		{3CA1FECB-161F-4570-9824-FB82F48D821F}.Release|Any CPU.ActiveCfg = Release|Any CPU
		{3CA1FECB-161F-4570-9824-FB82F48D821F}.Release|Any CPU.Build.0 = Release|Any CPU
		{3CA1FECB-161F-4570-9824-FB82F48D821F}.Release|x64.ActiveCfg = Release|Any CPU
		{3CA1FECB-161F-4570-9824-FB82F48D821F}.Release|x64.Build.0 = Release|Any CPU
		{3CA1FECB-161F-4570-9824-FB82F48D821F}.Release|x86.ActiveCfg = Release|Any CPU
		{3CA1FECB-161F-4570-9824-FB82F48D821F}.Release|x86.Build.0 = Release|Any CPU
	EndGlobalSection
	GlobalSection(SolutionProperties) = preSolution
		HideSolutionNode = FALSE
	EndGlobalSection
	GlobalSection(NestedProjects) = preSolution
		{7FBE1B87-AE25-4954-80FA-72932F8FCFEA} = {827E0CD3-B72D-47B6-A68D-7590B98EB39B}
		{C4813040-7494-4837-9ECF-E54D55B4C671} = {827E0CD3-B72D-47B6-A68D-7590B98EB39B}
		{72833A56-D97A-425D-8394-7391103A9DBD} = {827E0CD3-B72D-47B6-A68D-7590B98EB39B}
		{3EA0F720-79D3-4D12-B14D-1319FCBEE294} = {827E0CD3-B72D-47B6-A68D-7590B98EB39B}
		{469D82F3-10A2-4C03-A27B-DD37401E369F} = {0AB3BF05-4346-4AA6-1389-037BE0695223}
		{3C6D480D-6C08-4A03-9A5D-9B489883E929} = {0AB3BF05-4346-4AA6-1389-037BE0695223}
		{3CA1FECB-161F-4570-9824-FB82F48D821F} = {827E0CD3-B72D-47B6-A68D-7590B98EB39B}
	EndGlobalSection
EndGlobal
